
Microsoft Visual Studio Solution File, Format Version 12.00
# Visual Studio Version 17
VisualStudioVersion = 17.5.33502.453
MinimumVisualStudioVersion = 10.0.40219.1
Project("{FAE04EC0-301F-11D3-BF4B-00C04F79EFBC}") = "AzureDevOpsDiscord", "AzureDevOpsDiscord.csproj", "{8BBD4087-07AB-4803-B760-C331F6508BB7}"
EndProject
Global
	GlobalSection(SolutionConfigurationPlatforms) = preSolution
		Debug|Any CPU = Debug|Any CPU
		Release|Any CPU = Release|Any CPU
	EndGlobalSection
	GlobalSection(ProjectConfigurationPlatforms) = postSolution
		{8BBD4087-07AB-4803-B760-C331F6508BB7}.Debug|Any CPU.ActiveCfg = Debug|Any CPU
		{8BBD4087-07AB-4803-B760-C331F6508BB7}.Debug|Any CPU.Build.0 = Debug|Any CPU
		{8BBD4087-07AB-4803-B760-C331F6508BB7}.Release|Any CPU.ActiveCfg = Release|Any CPU
		{8BBD4087-07AB-4803-B760-C331F6508BB7}.Release|Any CPU.Build.0 = Release|Any CPU
	EndGlobalSection
	GlobalSection(SolutionProperties) = preSolution
		HideSolutionNode = FALSE
	EndGlobalSection
	GlobalSection(ExtensibilityGlobals) = postSolution
		SolutionGuid = {B89D6DB7-5387-4A8B-82A8-872B2F064143}
	EndGlobalSection
EndGlobal
